
Microsoft Visual Studio Solution File, Format Version 12.00
# Visual Studio Version 16
VisualStudioVersion = 16.0.29613.14
MinimumVisualStudioVersion = 10.0.40219.1
Project("{FAE04EC0-301F-11D3-BF4B-00C04F79EFBC}") = "Cirnix.Main", "Cirnix\Cirnix.Main.csproj", "{ECB3EA4C-2F4B-44BD-9B49-01A81EE3E382}"
EndProject
Project("{FAE04EC0-301F-11D3-BF4B-00C04F79EFBC}") = "Cirnix.Worker", "Cirnix.Worker\Cirnix.Worker.csproj", "{2D803E40-F816-4508-897C-B8E906048782}"
EndProject
Project("{FAE04EC0-301F-11D3-BF4B-00C04F79EFBC}") = "Cirnix.Global", "Cirnix.Global\Cirnix.Global.csproj", "{3428BE9F-46B3-478B-A8C5-3779B2EC68DD}"
	ProjectSection(ProjectDependencies) = postProject
		{112DED83-BDA4-4353-A0C5-44D2A8109A61} = {112DED83-BDA4-4353-A0C5-44D2A8109A61}
	EndProjectSection
EndProject
Project("{FAE04EC0-301F-11D3-BF4B-00C04F79EFBC}") = "Cirnix.Forms", "Cirnix.Forms\Cirnix.Forms.csproj", "{19807330-9BA4-4980-A242-CF92BD939404}"
EndProject
Project("{FAE04EC0-301F-11D3-BF4B-00C04F79EFBC}") = "Cirnix.Memory", "Cirnix.Memory\Cirnix.Memory.csproj", "{6D98B643-C670-4DE3-B6F7-B09A2C0E3BF7}"
EndProject
Project("{2150E333-8FDC-42A3-9474-1A3956D46DE8}") = "Extend Library", "Extend Library", "{39891664-735D-4C5C-AE97-55659CB5F222}"
EndProject
Project("{8BC9CEB8-8B4A-11D0-8D11-00A0C91BC942}") = "Cirnix.Mixtape", "Cirnix.Mixtape\Warcraft.vcxproj", "{112DED83-BDA4-4353-A0C5-44D2A8109A61}"
EndProject
Project("{FAE04EC0-301F-11D3-BF4B-00C04F79EFBC}") = "CirnoLib", "..\CirnoLib\CirnoLib\CirnoLib.csproj", "{EC749998-E306-4DB9-A6CB-9692DC918B6B}"
EndProject
Project("{FAE04EC0-301F-11D3-BF4B-00C04F79EFBC}") = "CirnoLib.Format", "..\CirnoLib\CirnoLib.Format\CirnoLib.Format.csproj", "{38F24712-10C8-44B5-9A91-87087BC65533}"
EndProject
Project("{FAE04EC0-301F-11D3-BF4B-00C04F79EFBC}") = "CIrnoLib.Jass", "..\CirnoLib\CirnoLib.Jass\CIrnoLib.Jass.csproj", "{BDB11D05-728E-4FE2-B22F-E8261C59F4B1}"
EndProject
Project("{FAE04EC0-301F-11D3-BF4B-00C04F79EFBC}") = "CirnoLib.MPQ", "..\CirnoLib\CIrnoLib.MPQ\CirnoLib.MPQ.csproj", "{66CC81D6-6995-4E70-949A-0ACB7519F871}"
EndProject
Project("{FAE04EC0-301F-11D3-BF4B-00C04F79EFBC}") = "Cirnix.KeyHook", "Cirnix.KeyHook\Cirnix.KeyHook.csproj", "{14EA16EB-22CA-43E8-BE95-397BC7AA67C7}"
EndProject
Global
	GlobalSection(SolutionConfigurationPlatforms) = preSolution
		Debug|Any CPU = Debug|Any CPU
		Debug|x86 = Debug|x86
		Release|Any CPU = Release|Any CPU
		Release|x86 = Release|x86
	EndGlobalSection
	GlobalSection(ProjectConfigurationPlatforms) = postSolution
		{ECB3EA4C-2F4B-44BD-9B49-01A81EE3E382}.Debug|Any CPU.ActiveCfg = Debug|x86
		{ECB3EA4C-2F4B-44BD-9B49-01A81EE3E382}.Debug|x86.ActiveCfg = Debug|x86
		{ECB3EA4C-2F4B-44BD-9B49-01A81EE3E382}.Debug|x86.Build.0 = Debug|x86
		{ECB3EA4C-2F4B-44BD-9B49-01A81EE3E382}.Release|Any CPU.ActiveCfg = Release|x86
		{ECB3EA4C-2F4B-44BD-9B49-01A81EE3E382}.Release|x86.ActiveCfg = Release|x86
		{ECB3EA4C-2F4B-44BD-9B49-01A81EE3E382}.Release|x86.Build.0 = Release|x86
		{2D803E40-F816-4508-897C-B8E906048782}.Debug|Any CPU.ActiveCfg = Debug|x86
		{2D803E40-F816-4508-897C-B8E906048782}.Debug|x86.ActiveCfg = Debug|x86
		{2D803E40-F816-4508-897C-B8E906048782}.Debug|x86.Build.0 = Debug|x86
		{2D803E40-F816-4508-897C-B8E906048782}.Release|Any CPU.ActiveCfg = Release|x86
		{2D803E40-F816-4508-897C-B8E906048782}.Release|x86.ActiveCfg = Release|x86
		{2D803E40-F816-4508-897C-B8E906048782}.Release|x86.Build.0 = Release|x86
		{3428BE9F-46B3-478B-A8C5-3779B2EC68DD}.Debug|Any CPU.ActiveCfg = Debug|x86
		{3428BE9F-46B3-478B-A8C5-3779B2EC68DD}.Debug|x86.ActiveCfg = Debug|x86
		{3428BE9F-46B3-478B-A8C5-3779B2EC68DD}.Debug|x86.Build.0 = Debug|x86
		{3428BE9F-46B3-478B-A8C5-3779B2EC68DD}.Release|Any CPU.ActiveCfg = Release|x86
		{3428BE9F-46B3-478B-A8C5-3779B2EC68DD}.Release|x86.ActiveCfg = Release|x86
		{3428BE9F-46B3-478B-A8C5-3779B2EC68DD}.Release|x86.Build.0 = Release|x86
		{19807330-9BA4-4980-A242-CF92BD939404}.Debug|Any CPU.ActiveCfg = Debug|x86
		{19807330-9BA4-4980-A242-CF92BD939404}.Debug|x86.ActiveCfg = Debug|x86
		{19807330-9BA4-4980-A242-CF92BD939404}.Debug|x86.Build.0 = Debug|x86
		{19807330-9BA4-4980-A242-CF92BD939404}.Release|Any CPU.ActiveCfg = Release|x86
		{19807330-9BA4-4980-A242-CF92BD939404}.Release|x86.ActiveCfg = Release|x86
		{19807330-9BA4-4980-A242-CF92BD939404}.Release|x86.Build.0 = Release|x86
		{6D98B643-C670-4DE3-B6F7-B09A2C0E3BF7}.Debug|Any CPU.ActiveCfg = Debug|x86
		{6D98B643-C670-4DE3-B6F7-B09A2C0E3BF7}.Debug|x86.ActiveCfg = Debug|x86
		{6D98B643-C670-4DE3-B6F7-B09A2C0E3BF7}.Debug|x86.Build.0 = Debug|x86
		{6D98B643-C670-4DE3-B6F7-B09A2C0E3BF7}.Release|Any CPU.ActiveCfg = Release|x86
		{6D98B643-C670-4DE3-B6F7-B09A2C0E3BF7}.Release|x86.ActiveCfg = Release|x86
		{6D98B643-C670-4DE3-B6F7-B09A2C0E3BF7}.Release|x86.Build.0 = Release|x86
		{112DED83-BDA4-4353-A0C5-44D2A8109A61}.Debug|Any CPU.ActiveCfg = Debug|Win32
		{112DED83-BDA4-4353-A0C5-44D2A8109A61}.Debug|x86.ActiveCfg = Debug|Win32
		{112DED83-BDA4-4353-A0C5-44D2A8109A61}.Debug|x86.Build.0 = Debug|Win32
		{112DED83-BDA4-4353-A0C5-44D2A8109A61}.Release|Any CPU.ActiveCfg = Release|Win32
		{112DED83-BDA4-4353-A0C5-44D2A8109A61}.Release|x86.ActiveCfg = Release|Win32
		{112DED83-BDA4-4353-A0C5-44D2A8109A61}.Release|x86.Build.0 = Release|Win32
		{EC749998-E306-4DB9-A6CB-9692DC918B6B}.Debug|Any CPU.ActiveCfg = Debug|x86
		{EC749998-E306-4DB9-A6CB-9692DC918B6B}.Debug|x86.ActiveCfg = Debug|x86
		{EC749998-E306-4DB9-A6CB-9692DC918B6B}.Debug|x86.Build.0 = Debug|x86
		{EC749998-E306-4DB9-A6CB-9692DC918B6B}.Release|Any CPU.ActiveCfg = Release|x86
		{EC749998-E306-4DB9-A6CB-9692DC918B6B}.Release|x86.ActiveCfg = Release|x86
		{EC749998-E306-4DB9-A6CB-9692DC918B6B}.Release|x86.Build.0 = Release|x86
		{38F24712-10C8-44B5-9A91-87087BC65533}.Debug|Any CPU.ActiveCfg = Debug|x86
		{38F24712-10C8-44B5-9A91-87087BC65533}.Debug|x86.ActiveCfg = Debug|x86
		{38F24712-10C8-44B5-9A91-87087BC65533}.Debug|x86.Build.0 = Debug|x86
		{38F24712-10C8-44B5-9A91-87087BC65533}.Release|Any CPU.ActiveCfg = Release|x86
		{38F24712-10C8-44B5-9A91-87087BC65533}.Release|x86.ActiveCfg = Release|x86
		{38F24712-10C8-44B5-9A91-87087BC65533}.Release|x86.Build.0 = Release|x86
		{BDB11D05-728E-4FE2-B22F-E8261C59F4B1}.Debug|Any CPU.ActiveCfg = Debug|x86
		{BDB11D05-728E-4FE2-B22F-E8261C59F4B1}.Debug|x86.ActiveCfg = Debug|x86
		{BDB11D05-728E-4FE2-B22F-E8261C59F4B1}.Debug|x86.Build.0 = Debug|x86
		{BDB11D05-728E-4FE2-B22F-E8261C59F4B1}.Release|Any CPU.ActiveCfg = Release|x86
		{BDB11D05-728E-4FE2-B22F-E8261C59F4B1}.Release|x86.ActiveCfg = Release|x86
		{BDB11D05-728E-4FE2-B22F-E8261C59F4B1}.Release|x86.Build.0 = Release|x86
		{66CC81D6-6995-4E70-949A-0ACB7519F871}.Debug|Any CPU.ActiveCfg = Debug|x86
		{66CC81D6-6995-4E70-949A-0ACB7519F871}.Debug|x86.ActiveCfg = Debug|x86
		{66CC81D6-6995-4E70-949A-0ACB7519F871}.Debug|x86.Build.0 = Debug|x86
		{66CC81D6-6995-4E70-949A-0ACB7519F871}.Release|Any CPU.ActiveCfg = Release|x86
		{66CC81D6-6995-4E70-949A-0ACB7519F871}.Release|x86.ActiveCfg = Release|x86
		{66CC81D6-6995-4E70-949A-0ACB7519F871}.Release|x86.Build.0 = Release|x86
		{14EA16EB-22CA-43E8-BE95-397BC7AA67C7}.Debug|Any CPU.ActiveCfg = Debug|x86
		{14EA16EB-22CA-43E8-BE95-397BC7AA67C7}.Debug|x86.ActiveCfg = Debug|x86
		{14EA16EB-22CA-43E8-BE95-397BC7AA67C7}.Debug|x86.Build.0 = Debug|x86
		{14EA16EB-22CA-43E8-BE95-397BC7AA67C7}.Release|Any CPU.ActiveCfg = Release|x86
		{14EA16EB-22CA-43E8-BE95-397BC7AA67C7}.Release|x86.ActiveCfg = Release|x86
		{14EA16EB-22CA-43E8-BE95-397BC7AA67C7}.Release|x86.Build.0 = Release|x86
	EndGlobalSection
	GlobalSection(SolutionProperties) = preSolution
		HideSolutionNode = FALSE
	EndGlobalSection
	GlobalSection(NestedProjects) = preSolution
		{EC749998-E306-4DB9-A6CB-9692DC918B6B} = {39891664-735D-4C5C-AE97-55659CB5F222}
		{38F24712-10C8-44B5-9A91-87087BC65533} = {39891664-735D-4C5C-AE97-55659CB5F222}
		{BDB11D05-728E-4FE2-B22F-E8261C59F4B1} = {39891664-735D-4C5C-AE97-55659CB5F222}
		{66CC81D6-6995-4E70-949A-0ACB7519F871} = {39891664-735D-4C5C-AE97-55659CB5F222}
	EndGlobalSection
	GlobalSection(ExtensibilityGlobals) = postSolution
		SolutionGuid = {13AA6EB6-3B6D-49B3-BDBC-2B8BD0B0108F}
	EndGlobalSection
EndGlobal
